// !$*UTF8*$!
{
	archiveVersion = 1;
	classes = {
	};
	objectVersion = 56;
	objects = {

/* Begin PBXBuildFile section */
		BD7D949E2A6BE4C0004AB903 /* NUSBuddyAppApp.swift in Sources */ = {isa = PBXBuildFile; fileRef = BD7D949D2A6BE4C0004AB903 /* NUSBuddyAppApp.swift */; };
		BD7D94A02A6BE4C0004AB903 /* ContentView.swift in Sources */ = {isa = PBXBuildFile; fileRef = BD7D949F2A6BE4C0004AB903 /* ContentView.swift */; };
		BD7D94A22A6BE4C2004AB903 /* Assets.xcassets in Resources */ = {isa = PBXBuildFile; fileRef = BD7D94A12A6BE4C2004AB903 /* Assets.xcassets */; };
		BD7D94A62A6BE4C2004AB903 /* Preview Assets.xcassets in Resources */ = {isa = PBXBuildFile; fileRef = BD7D94A52A6BE4C2004AB903 /* Preview Assets.xcassets */; };
		BD7D94B02A6BE4C2004AB903 /* NUSBuddyAppTests.swift in Sources */ = {isa = PBXBuildFile; fileRef = BD7D94AF2A6BE4C2004AB903 /* NUSBuddyAppTests.swift */; };
		BD7D94BA2A6BE4C2004AB903 /* NUSBuddyAppUITests.swift in Sources */ = {isa = PBXBuildFile; fileRef = BD7D94B92A6BE4C2004AB903 /* NUSBuddyAppUITests.swift */; };
		BD7D94BC2A6BE4C2004AB903 /* NUSBuddyAppUITestsLaunchTests.swift in Sources */ = {isa = PBXBuildFile; fileRef = BD7D94BB2A6BE4C2004AB903 /* NUSBuddyAppUITestsLaunchTests.swift */; };
/* End PBXBuildFile section */

/* Begin PBXContainerItemProxy section */
		BD7D94AC2A6BE4C2004AB903 /* PBXContainerItemProxy */ = {
			isa = PBXContainerItemProxy;
			containerPortal = BD7D94922A6BE4C0004AB903 /* Project object */;
			proxyType = 1;
			remoteGlobalIDString = BD7D94992A6BE4C0004AB903;
			remoteInfo = NUSBuddyApp;
		};
		BD7D94B62A6BE4C2004AB903 /* PBXContainerItemProxy */ = {
			isa = PBXContainerItemProxy;
			containerPortal = BD7D94922A6BE4C0004AB903 /* Project object */;
			proxyType = 1;
			remoteGlobalIDString = BD7D94992A6BE4C0004AB903;
			remoteInfo = NUSBuddyApp;
		};
/* End PBXContainerItemProxy section */

/* Begin PBXFileReference section */
		BD7D949A2A6BE4C0004AB903 /* NUSBuddyApp.app */ = {isa = PBXFileReference; explicitFileType = wrapper.application; includeInIndex = 0; path = NUSBuddyApp.app; sourceTree = BUILT_PRODUCTS_DIR; };
		BD7D949D2A6BE4C0004AB903 /* NUSBuddyAppApp.swift */ = {isa = PBXFileReference; lastKnownFileType = sourcecode.swift; path = NUSBuddyAppApp.swift; sourceTree = "<group>"; };
		BD7D949F2A6BE4C0004AB903 /* ContentView.swift */ = {isa = PBXFileReference; lastKnownFileType = sourcecode.swift; path = ContentView.swift; sourceTree = "<group>"; };
		BD7D94A12A6BE4C2004AB903 /* Assets.xcassets */ = {isa = PBXFileReference; lastKnownFileType = folder.assetcatalog; path = Assets.xcassets; sourceTree = "<group>"; };
		BD7D94A32A6BE4C2004AB903 /* NUSBuddyApp.entitlements */ = {isa = PBXFileReference; lastKnownFileType = text.plist.entitlements; path = NUSBuddyApp.entitlements; sourceTree = "<group>"; };
		BD7D94A52A6BE4C2004AB903 /* Preview Assets.xcassets */ = {isa = PBXFileReference; lastKnownFileType = folder.assetcatalog; path = "Preview Assets.xcassets"; sourceTree = "<group>"; };
		BD7D94AB2A6BE4C2004AB903 /* NUSBuddyAppTests.xctest */ = {isa = PBXFileReference; explicitFileType = wrapper.cfbundle; includeInIndex = 0; path = NUSBuddyAppTests.xctest; sourceTree = BUILT_PRODUCTS_DIR; };
		BD7D94AF2A6BE4C2004AB903 /* NUSBuddyAppTests.swift */ = {isa = PBXFileReference; lastKnownFileType = sourcecode.swift; path = NUSBuddyAppTests.swift; sourceTree = "<group>"; };
		BD7D94B52A6BE4C2004AB903 /* NUSBuddyAppUITests.xctest */ = {isa = PBXFileReference; explicitFileType = wrapper.cfbundle; includeInIndex = 0; path = NUSBuddyAppUITests.xctest; sourceTree = BUILT_PRODUCTS_DIR; };
		BD7D94B92A6BE4C2004AB903 /* NUSBuddyAppUITests.swift */ = {isa = PBXFileReference; lastKnownFileType = sourcecode.swift; path = NUSBuddyAppUITests.swift; sourceTree = "<group>"; };
		BD7D94BB2A6BE4C2004AB903 /* NUSBuddyAppUITestsLaunchTests.swift */ = {isa = PBXFileReference; lastKnownFileType = sourcecode.swift; path = NUSBuddyAppUITestsLaunchTests.swift; sourceTree = "<group>"; };
/* End PBXFileReference section */

/* Begin PBXFrameworksBuildPhase section */
		BD7D94972A6BE4C0004AB903 /* Frameworks */ = {
			isa = PBXFrameworksBuildPhase;
			buildActionMask = 2147483647;
			files = (
			);
			runOnlyForDeploymentPostprocessing = 0;
		};
		BD7D94A82A6BE4C2004AB903 /* Frameworks */ = {
			isa = PBXFrameworksBuildPhase;
			buildActionMask = 2147483647;
			files = (
			);
			runOnlyForDeploymentPostprocessing = 0;
		};
		BD7D94B22A6BE4C2004AB903 /* Frameworks */ = {
			isa = PBXFrameworksBuildPhase;
			buildActionMask = 2147483647;
			files = (
			);
			runOnlyForDeploymentPostprocessing = 0;
		};
/* End PBXFrameworksBuildPhase section */

/* Begin PBXGroup section */
		BD7D94912A6BE4C0004AB903 = {
			isa = PBXGroup;
			children = (
				BD7D949C2A6BE4C0004AB903 /* NUSBuddyApp */,
				BD7D94AE2A6BE4C2004AB903 /* NUSBuddyAppTests */,
				BD7D94B82A6BE4C2004AB903 /* NUSBuddyAppUITests */,
				BD7D949B2A6BE4C0004AB903 /* Products */,
			);
			sourceTree = "<group>";
		};
		BD7D949B2A6BE4C0004AB903 /* Products */ = {
			isa = PBXGroup;
			children = (
				BD7D949A2A6BE4C0004AB903 /* NUSBuddyApp.app */,
				BD7D94AB2A6BE4C2004AB903 /* NUSBuddyAppTests.xctest */,
				BD7D94B52A6BE4C2004AB903 /* NUSBuddyAppUITests.xctest */,
			);
			name = Products;
			sourceTree = "<group>";
		};
		BD7D949C2A6BE4C0004AB903 /* NUSBuddyApp */ = {
			isa = PBXGroup;
			children = (
				BD7D949D2A6BE4C0004AB903 /* NUSBuddyAppApp.swift */,
				BD7D949F2A6BE4C0004AB903 /* ContentView.swift */,
				BD7D94A12A6BE4C2004AB903 /* Assets.xcassets */,
				BD7D94A32A6BE4C2004AB903 /* NUSBuddyApp.entitlements */,
				BD7D94A42A6BE4C2004AB903 /* Preview Content */,
			);
			path = NUSBuddyApp;
			sourceTree = "<group>";
		};
		BD7D94A42A6BE4C2004AB903 /* Preview Content */ = {
			isa = PBXGroup;
			children = (
				BD7D94A52A6BE4C2004AB903 /* Preview Assets.xcassets */,
			);
			path = "Preview Content";
			sourceTree = "<group>";
		};
		BD7D94AE2A6BE4C2004AB903 /* NUSBuddyAppTests */ = {
			isa = PBXGroup;
			children = (
				BD7D94AF2A6BE4C2004AB903 /* NUSBuddyAppTests.swift */,
			);
			path = NUSBuddyAppTests;
			sourceTree = "<group>";
		};
		BD7D94B82A6BE4C2004AB903 /* NUSBuddyAppUITests */ = {
			isa = PBXGroup;
			children = (
				BD7D94B92A6BE4C2004AB903 /* NUSBuddyAppUITests.swift */,
				BD7D94BB2A6BE4C2004AB903 /* NUSBuddyAppUITestsLaunchTests.swift */,
			);
			path = NUSBuddyAppUITests;
			sourceTree = "<group>";
		};
/* End PBXGroup section */

/* Begin PBXNativeTarget section */
		BD7D94992A6BE4C0004AB903 /* NUSBuddyApp */ = {
			isa = PBXNativeTarget;
			buildConfigurationList = BD7D94BF2A6BE4C2004AB903 /* Build configuration list for PBXNativeTarget "NUSBuddyApp" */;
			buildPhases = (
				BD7D94962A6BE4C0004AB903 /* Sources */,
				BD7D94972A6BE4C0004AB903 /* Frameworks */,
				BD7D94982A6BE4C0004AB903 /* Resources */,
			);
			buildRules = (
			);
			dependencies = (
			);
			name = NUSBuddyApp;
			productName = NUSBuddyApp;
			productReference = BD7D949A2A6BE4C0004AB903 /* NUSBuddyApp.app */;
			productType = "com.apple.product-type.application";
		};
		BD7D94AA2A6BE4C2004AB903 /* NUSBuddyAppTests */ = {
			isa = PBXNativeTarget;
			buildConfigurationList = BD7D94C22A6BE4C2004AB903 /* Build configuration list for PBXNativeTarget "NUSBuddyAppTests" */;
			buildPhases = (
				BD7D94A72A6BE4C2004AB903 /* Sources */,
				BD7D94A82A6BE4C2004AB903 /* Frameworks */,
				BD7D94A92A6BE4C2004AB903 /* Resources */,
			);
			buildRules = (
			);
			dependencies = (
				BD7D94AD2A6BE4C2004AB903 /* PBXTargetDependency */,
			);
			name = NUSBuddyAppTests;
			productName = NUSBuddyAppTests;
			productReference = BD7D94AB2A6BE4C2004AB903 /* NUSBuddyAppTests.xctest */;
			productType = "com.apple.product-type.bundle.unit-test";
		};
		BD7D94B42A6BE4C2004AB903 /* NUSBuddyAppUITests */ = {
			isa = PBXNativeTarget;
			buildConfigurationList = BD7D94C52A6BE4C2004AB903 /* Build configuration list for PBXNativeTarget "NUSBuddyAppUITests" */;
			buildPhases = (
				BD7D94B12A6BE4C2004AB903 /* Sources */,
				BD7D94B22A6BE4C2004AB903 /* Frameworks */,
				BD7D94B32A6BE4C2004AB903 /* Resources */,
			);
			buildRules = (
			);
			dependencies = (
				BD7D94B72A6BE4C2004AB903 /* PBXTargetDependency */,
			);
			name = NUSBuddyAppUITests;
			productName = NUSBuddyAppUITests;
			productReference = BD7D94B52A6BE4C2004AB903 /* NUSBuddyAppUITests.xctest */;
			productType = "com.apple.product-type.bundle.ui-testing";
		};
/* End PBXNativeTarget section */

/* Begin PBXProject section */
		BD7D94922A6BE4C0004AB903 /* Project object */ = {
			isa = PBXProject;
			attributes = {
				BuildIndependentTargetsInParallel = 1;
				LastSwiftUpdateCheck = 1430;
				LastUpgradeCheck = 1430;
				TargetAttributes = {
					BD7D94992A6BE4C0004AB903 = {
						CreatedOnToolsVersion = 14.3.1;
					};
					BD7D94AA2A6BE4C2004AB903 = {
						CreatedOnToolsVersion = 14.3.1;
						TestTargetID = BD7D94992A6BE4C0004AB903;
					};
					BD7D94B42A6BE4C2004AB903 = {
						CreatedOnToolsVersion = 14.3.1;
						TestTargetID = BD7D94992A6BE4C0004AB903;
					};
				};
			};
			buildConfigurationList = BD7D94952A6BE4C0004AB903 /* Build configuration list for PBXProject "NUSBuddyApp" */;
			compatibilityVersion = "Xcode 14.0";
			developmentRegion = en;
			hasScannedForEncodings = 0;
			knownRegions = (
				en,
				Base,
			);
			mainGroup = BD7D94912A6BE4C0004AB903;
			productRefGroup = BD7D949B2A6BE4C0004AB903 /* Products */;
			projectDirPath = "";
			projectRoot = "";
			targets = (
				BD7D94992A6BE4C0004AB903 /* NUSBuddyApp */,
				BD7D94AA2A6BE4C2004AB903 /* NUSBuddyAppTests */,
				BD7D94B42A6BE4C2004AB903 /* NUSBuddyAppUITests */,
			);
		};
/* End PBXProject section */

/* Begin PBXResourcesBuildPhase section */
		BD7D94982A6BE4C0004AB903 /* Resources */ = {
			isa = PBXResourcesBuildPhase;
			buildActionMask = 2147483647;
			files = (
				BD7D94A62A6BE4C2004AB903 /* Preview Assets.xcassets in Resources */,
				BD7D94A22A6BE4C2004AB903 /* Assets.xcassets in Resources */,
			);
			runOnlyForDeploymentPostprocessing = 0;
		};
		BD7D94A92A6BE4C2004AB903 /* Resources */ = {
			isa = PBXResourcesBuildPhase;
			buildActionMask = 2147483647;
			files = (
			);
			runOnlyForDeploymentPostprocessing = 0;
		};
		BD7D94B32A6BE4C2004AB903 /* Resources */ = {
			isa = PBXResourcesBuildPhase;
			buildActionMask = 2147483647;
			files = (
			);
			runOnlyForDeploymentPostprocessing = 0;
		};
/* End PBXResourcesBuildPhase section */

/* Begin PBXSourcesBuildPhase section */
		BD7D94962A6BE4C0004AB903 /* Sources */ = {
			isa = PBXSourcesBuildPhase;
			buildActionMask = 2147483647;
			files = (
				BD7D94A02A6BE4C0004AB903 /* ContentView.swift in Sources */,
				BD7D949E2A6BE4C0004AB903 /* NUSBuddyAppApp.swift in Sources */,
			);
			runOnlyForDeploymentPostprocessing = 0;
		};
		BD7D94A72A6BE4C2004AB903 /* Sources */ = {
			isa = PBXSourcesBuildPhase;
			buildActionMask = 2147483647;
			files = (
				BD7D94B02A6BE4C2004AB903 /* NUSBuddyAppTests.swift in Sources */,
			);
			runOnlyForDeploymentPostprocessing = 0;
		};
		BD7D94B12A6BE4C2004AB903 /* Sources */ = {
			isa = PBXSourcesBuildPhase;
			buildActionMask = 2147483647;
			files = (
				BD7D94BC2A6BE4C2004AB903 /* NUSBuddyAppUITestsLaunchTests.swift in Sources */,
				BD7D94BA2A6BE4C2004AB903 /* NUSBuddyAppUITests.swift in Sources */,
			);
			runOnlyForDeploymentPostprocessing = 0;
		};
/* End PBXSourcesBuildPhase section */

/* Begin PBXTargetDependency section */
		BD7D94AD2A6BE4C2004AB903 /* PBXTargetDependency */ = {
			isa = PBXTargetDependency;
			target = BD7D94992A6BE4C0004AB903 /* NUSBuddyApp */;
			targetProxy = BD7D94AC2A6BE4C2004AB903 /* PBXContainerItemProxy */;
		};
		BD7D94B72A6BE4C2004AB903 /* PBXTargetDependency */ = {
			isa = PBXTargetDependency;
			target = BD7D94992A6BE4C0004AB903 /* NUSBuddyApp */;
			targetProxy = BD7D94B62A6BE4C2004AB903 /* PBXContainerItemProxy */;
		};
/* End PBXTargetDependency section */

/* Begin XCBuildConfiguration section */
		BD7D94BD2A6BE4C2004AB903 /* Debug */ = {
			isa = XCBuildConfiguration;
			buildSettings = {
				ALWAYS_SEARCH_USER_PATHS = NO;
				CLANG_ANALYZER_NONNULL = YES;
				CLANG_ANALYZER_NUMBER_OBJECT_CONVERSION = YES_AGGRESSIVE;
				CLANG_CXX_LANGUAGE_STANDARD = "gnu++20";
				CLANG_ENABLE_MODULES = YES;
				CLANG_ENABLE_OBJC_ARC = YES;
				CLANG_ENABLE_OBJC_WEAK = YES;
				CLANG_WARN_BLOCK_CAPTURE_AUTORELEASING = YES;
				CLANG_WARN_BOOL_CONVERSION = YES;
				CLANG_WARN_COMMA = YES;
				CLANG_WARN_CONSTANT_CONVERSION = YES;
				CLANG_WARN_DEPRECATED_OBJC_IMPLEMENTATIONS = YES;
				CLANG_WARN_DIRECT_OBJC_ISA_USAGE = YES_ERROR;
				CLANG_WARN_DOCUMENTATION_COMMENTS = YES;
				CLANG_WARN_EMPTY_BODY = YES;
				CLANG_WARN_ENUM_CONVERSION = YES;
				CLANG_WARN_INFINITE_RECURSION = YES;
				CLANG_WARN_INT_CONVERSION = YES;
				CLANG_WARN_NON_LITERAL_NULL_CONVERSION = YES;
				CLANG_WARN_OBJC_IMPLICIT_RETAIN_SELF = YES;
				CLANG_WARN_OBJC_LITERAL_CONVERSION = YES;
				CLANG_WARN_OBJC_ROOT_CLASS = YES_ERROR;
				CLANG_WARN_QUOTED_INCLUDE_IN_FRAMEWORK_HEADER = YES;
				CLANG_WARN_RANGE_LOOP_ANALYSIS = YES;
				CLANG_WARN_STRICT_PROTOTYPES = YES;
				CLANG_WARN_SUSPICIOUS_MOVE = YES;
				CLANG_WARN_UNGUARDED_AVAILABILITY = YES_AGGRESSIVE;
				CLANG_WARN_UNREACHABLE_CODE = YES;
				CLANG_WARN__DUPLICATE_METHOD_MATCH = YES;
				COPY_PHASE_STRIP = NO;
				DEBUG_INFORMATION_FORMAT = dwarf;
				ENABLE_STRICT_OBJC_MSGSEND = YES;
				ENABLE_TESTABILITY = YES;
				GCC_C_LANGUAGE_STANDARD = gnu11;
				GCC_DYNAMIC_NO_PIC = NO;
				GCC_NO_COMMON_BLOCKS = YES;
				GCC_OPTIMIZATION_LEVEL = 0;
				GCC_PREPROCESSOR_DEFINITIONS = (
					"DEBUG=1",
					"$(inherited)",
				);
				GCC_WARN_64_TO_32_BIT_CONVERSION = YES;
				GCC_WARN_ABOUT_RETURN_TYPE = YES_ERROR;
				GCC_WARN_UNDECLARED_SELECTOR = YES;
				GCC_WARN_UNINITIALIZED_AUTOS = YES_AGGRESSIVE;
				GCC_WARN_UNUSED_FUNCTION = YES;
				GCC_WARN_UNUSED_VARIABLE = YES;
				MTL_ENABLE_DEBUG_INFO = INCLUDE_SOURCE;
				MTL_FAST_MATH = YES;
				ONLY_ACTIVE_ARCH = YES;
				SWIFT_ACTIVE_COMPILATION_CONDITIONS = DEBUG;
				SWIFT_OPTIMIZATION_LEVEL = "-Onone";
			};
			name = Debug;
		};
		BD7D94BE2A6BE4C2004AB903 /* Release */ = {
			isa = XCBuildConfiguration;
			buildSettings = {
				ALWAYS_SEARCH_USER_PATHS = NO;
				CLANG_ANALYZER_NONNULL = YES;
				CLANG_ANALYZER_NUMBER_OBJECT_CONVERSION = YES_AGGRESSIVE;
				CLANG_CXX_LANGUAGE_STANDARD = "gnu++20";
				CLANG_ENABLE_MODULES = YES;
				CLANG_ENABLE_OBJC_ARC = YES;
				CLANG_ENABLE_OBJC_WEAK = YES;
				CLANG_WARN_BLOCK_CAPTURE_AUTORELEASING = YES;
				CLANG_WARN_BOOL_CONVERSION = YES;
				CLANG_WARN_COMMA = YES;
				CLANG_WARN_CONSTANT_CONVERSION = YES;
				CLANG_WARN_DEPRECATED_OBJC_IMPLEMENTATIONS = YES;
				CLANG_WARN_DIRECT_OBJC_ISA_USAGE = YES_ERROR;
				CLANG_WARN_DOCUMENTATION_COMMENTS = YES;
				CLANG_WARN_EMPTY_BODY = YES;
				CLANG_WARN_ENUM_CONVERSION = YES;
				CLANG_WARN_INFINITE_RECURSION = YES;
				CLANG_WARN_INT_CONVERSION = YES;
				CLANG_WARN_NON_LITERAL_NULL_CONVERSION = YES;
				CLANG_WARN_OBJC_IMPLICIT_RETAIN_SELF = YES;
				CLANG_WARN_OBJC_LITERAL_CONVERSION = YES;
				CLANG_WARN_OBJC_ROOT_CLASS = YES_ERROR;
				CLANG_WARN_QUOTED_INCLUDE_IN_FRAMEWORK_HEADER = YES;
				CLANG_WARN_RANGE_LOOP_ANALYSIS = YES;
				CLANG_WARN_STRICT_PROTOTYPES = YES;
				CLANG_WARN_SUSPICIOUS_MOVE = YES;
				CLANG_WARN_UNGUARDED_AVAILABILITY = YES_AGGRESSIVE;
				CLANG_WARN_UNREACHABLE_CODE = YES;
				CLANG_WARN__DUPLICATE_METHOD_MATCH = YES;
				COPY_PHASE_STRIP = NO;
				DEBUG_INFORMATION_FORMAT = "dwarf-with-dsym";
				ENABLE_NS_ASSERTIONS = NO;
				ENABLE_STRICT_OBJC_MSGSEND = YES;
				GCC_C_LANGUAGE_STANDARD = gnu11;
				GCC_NO_COMMON_BLOCKS = YES;
				GCC_WARN_64_TO_32_BIT_CONVERSION = YES;
				GCC_WARN_ABOUT_RETURN_TYPE = YES_ERROR;
				GCC_WARN_UNDECLARED_SELECTOR = YES;
				GCC_WARN_UNINITIALIZED_AUTOS = YES_AGGRESSIVE;
				GCC_WARN_UNUSED_FUNCTION = YES;
				GCC_WARN_UNUSED_VARIABLE = YES;
				MTL_ENABLE_DEBUG_INFO = NO;
				MTL_FAST_MATH = YES;
				SWIFT_COMPILATION_MODE = wholemodule;
				SWIFT_OPTIMIZATION_LEVEL = "-O";
			};
			name = Release;
		};
		BD7D94C02A6BE4C2004AB903 /* Debug */ = {
			isa = XCBuildConfiguration;
			buildSettings = {
				ASSETCATALOG_COMPILER_APPICON_NAME = AppIcon;
				ASSETCATALOG_COMPILER_GLOBAL_ACCENT_COLOR_NAME = AccentColor;
				CODE_SIGN_ENTITLEMENTS = NUSBuddyApp/NUSBuddyApp.entitlements;
				CODE_SIGN_STYLE = Automatic;
				CURRENT_PROJECT_VERSION = 1;
				DEVELOPMENT_ASSET_PATHS = "\"NUSBuddyApp/Preview Content\"";
				ENABLE_PREVIEWS = YES;
				GENERATE_INFOPLIST_FILE = YES;
				"INFOPLIST_KEY_UIApplicationSceneManifest_Generation[sdk=iphoneos*]" = YES;
				"INFOPLIST_KEY_UIApplicationSceneManifest_Generation[sdk=iphonesimulator*]" = YES;
				"INFOPLIST_KEY_UIApplicationSupportsIndirectInputEvents[sdk=iphoneos*]" = YES;
				"INFOPLIST_KEY_UIApplicationSupportsIndirectInputEvents[sdk=iphonesimulator*]" = YES;
				"INFOPLIST_KEY_UILaunchScreen_Generation[sdk=iphoneos*]" = YES;
				"INFOPLIST_KEY_UILaunchScreen_Generation[sdk=iphonesimulator*]" = YES;
				"INFOPLIST_KEY_UIStatusBarStyle[sdk=iphoneos*]" = UIStatusBarStyleDefault;
				"INFOPLIST_KEY_UIStatusBarStyle[sdk=iphonesimulator*]" = UIStatusBarStyleDefault;
				INFOPLIST_KEY_UISupportedInterfaceOrientations_iPad = "UIInterfaceOrientationPortrait UIInterfaceOrientationPortraitUpsideDown UIInterfaceOrientationLandscapeLeft UIInterfaceOrientationLandscapeRight";
				INFOPLIST_KEY_UISupportedInterfaceOrientations_iPhone = "UIInterfaceOrientationPortrait UIInterfaceOrientationLandscapeLeft UIInterfaceOrientationLandscapeRight";
				IPHONEOS_DEPLOYMENT_TARGET = 16.4;
				LD_RUNPATH_SEARCH_PATHS = "@executable_path/Frameworks";
				"LD_RUNPATH_SEARCH_PATHS[sdk=macosx*]" = "@executable_path/../Frameworks";
				MACOSX_DEPLOYMENT_TARGET = 13.2;
				MARKETING_VERSION = 1.0;
				PRODUCT_BUNDLE_IDENTIFIER = NUSBuddyApp.NUSBuddyApp;
				PRODUCT_NAME = "$(TARGET_NAME)";
				SDKROOT = auto;
				SUPPORTED_PLATFORMS = "iphoneos iphonesimulator macosx";
				SWIFT_EMIT_LOC_STRINGS = YES;
				SWIFT_VERSION = 5.0;
				TARGETED_DEVICE_FAMILY = "1,2";
			};
			name = Debug;
		};
		BD7D94C12A6BE4C2004AB903 /* Release */ = {
			isa = XCBuildConfiguration;
			buildSettings = {
				ASSETCATALOG_COMPILER_APPICON_NAME = AppIcon;
				ASSETCATALOG_COMPILER_GLOBAL_ACCENT_COLOR_NAME = AccentColor;
				CODE_SIGN_ENTITLEMENTS = NUSBuddyApp/NUSBuddyApp.entitlements;
				CODE_SIGN_STYLE = Automatic;
				CURRENT_PROJECT_VERSION = 1;
				DEVELOPMENT_ASSET_PATHS = "\"NUSBuddyApp/Preview Content\"";
				ENABLE_PREVIEWS = YES;
				GENERATE_INFOPLIST_FILE = YES;
				"INFOPLIST_KEY_UIApplicationSceneManifest_Generation[sdk=iphoneos*]" = YES;
				"INFOPLIST_KEY_UIApplicationSceneManifest_Generation[sdk=iphonesimulator*]" = YES;
				"INFOPLIST_KEY_UIApplicationSupportsIndirectInputEvents[sdk=iphoneos*]" = YES;
				"INFOPLIST_KEY_UIApplicationSupportsIndirectInputEvents[sdk=iphonesimulator*]" = YES;
				"INFOPLIST_KEY_UILaunchScreen_Generation[sdk=iphoneos*]" = YES;
				"INFOPLIST_KEY_UILaunchScreen_Generation[sdk=iphonesimulator*]" = YES;
				"INFOPLIST_KEY_UIStatusBarStyle[sdk=iphoneos*]" = UIStatusBarStyleDefault;
				"INFOPLIST_KEY_UIStatusBarStyle[sdk=iphonesimulator*]" = UIStatusBarStyleDefault;
				INFOPLIST_KEY_UISupportedInterfaceOrientations_iPad = "UIInterfaceOrientationPortrait UIInterfaceOrientationPortraitUpsideDown UIInterfaceOrientationLandscapeLeft UIInterfaceOrientationLandscapeRight";
				INFOPLIST_KEY_UISupportedInterfaceOrientations_iPhone = "UIInterfaceOrientationPortrait UIInterfaceOrientationLandscapeLeft UIInterfaceOrientationLandscapeRight";
				IPHONEOS_DEPLOYMENT_TARGET = 16.4;
				LD_RUNPATH_SEARCH_PATHS = "@executable_path/Frameworks";
				"LD_RUNPATH_SEARCH_PATHS[sdk=macosx*]" = "@executable_path/../Frameworks";
				MACOSX_DEPLOYMENT_TARGET = 13.2;
				MARKETING_VERSION = 1.0;
				PRODUCT_BUNDLE_IDENTIFIER = NUSBuddyApp.NUSBuddyApp;
				PRODUCT_NAME = "$(TARGET_NAME)";
				SDKROOT = auto;
				SUPPORTED_PLATFORMS = "iphoneos iphonesimulator macosx";
				SWIFT_EMIT_LOC_STRINGS = YES;
				SWIFT_VERSION = 5.0;
				TARGETED_DEVICE_FAMILY = "1,2";
			};
			name = Release;
		};
		BD7D94C32A6BE4C2004AB903 /* Debug */ = {
			isa = XCBuildConfiguration;
			buildSettings = {
				ALWAYS_EMBED_SWIFT_STANDARD_LIBRARIES = YES;
				BUNDLE_LOADER = "$(TEST_HOST)";
				CODE_SIGN_STYLE = Automatic;
				CURRENT_PROJECT_VERSION = 1;
				GENERATE_INFOPLIST_FILE = YES;
				IPHONEOS_DEPLOYMENT_TARGET = 16.4;
				MACOSX_DEPLOYMENT_TARGET = 13.2;
				MARKETING_VERSION = 1.0;
				PRODUCT_BUNDLE_IDENTIFIER = NUSBuddyApp.NUSBuddyAppTests;
				PRODUCT_NAME = "$(TARGET_NAME)";
				SDKROOT = auto;
				SUPPORTED_PLATFORMS = "iphoneos iphonesimulator macosx";
				SWIFT_EMIT_LOC_STRINGS = NO;
				SWIFT_VERSION = 5.0;
				TARGETED_DEVICE_FAMILY = "1,2";
				TEST_HOST = "$(BUILT_PRODUCTS_DIR)/NUSBuddyApp.app/$(BUNDLE_EXECUTABLE_FOLDER_PATH)/NUSBuddyApp";
			};
			name = Debug;
		};
		BD7D94C42A6BE4C2004AB903 /* Release */ = {
			isa = XCBuildConfiguration;
			buildSettings = {
				ALWAYS_EMBED_SWIFT_STANDARD_LIBRARIES = YES;
				BUNDLE_LOADER = "$(TEST_HOST)";
				CODE_SIGN_STYLE = Automatic;
				CURRENT_PROJECT_VERSION = 1;
				GENERATE_INFOPLIST_FILE = YES;
				IPHONEOS_DEPLOYMENT_TARGET = 16.4;
				MACOSX_DEPLOYMENT_TARGET = 13.2;
				MARKETING_VERSION = 1.0;
				PRODUCT_BUNDLE_IDENTIFIER = NUSBuddyApp.NUSBuddyAppTests;
				PRODUCT_NAME = "$(TARGET_NAME)";
				SDKROOT = auto;
				SUPPORTED_PLATFORMS = "iphoneos iphonesimulator macosx";
				SWIFT_EMIT_LOC_STRINGS = NO;
				SWIFT_VERSION = 5.0;
				TARGETED_DEVICE_FAMILY = "1,2";
				TEST_HOST = "$(BUILT_PRODUCTS_DIR)/NUSBuddyApp.app/$(BUNDLE_EXECUTABLE_FOLDER_PATH)/NUSBuddyApp";
			};
			name = Release;
		};
		BD7D94C62A6BE4C2004AB903 /* Debug */ = {
			isa = XCBuildConfiguration;
			buildSettings = {
				ALWAYS_EMBED_SWIFT_STANDARD_LIBRARIES = YES;
				CODE_SIGN_STYLE = Automatic;
				CURRENT_PROJECT_VERSION = 1;
				GENERATE_INFOPLIST_FILE = YES;
				IPHONEOS_DEPLOYMENT_TARGET = 16.4;
				MACOSX_DEPLOYMENT_TARGET = 13.2;
				MARKETING_VERSION = 1.0;
				PRODUCT_BUNDLE_IDENTIFIER = NUSBuddyApp.NUSBuddyAppUITests;
				PRODUCT_NAME = "$(TARGET_NAME)";
				SDKROOT = auto;
				SUPPORTED_PLATFORMS = "iphoneos iphonesimulator macosx";
				SWIFT_EMIT_LOC_STRINGS = NO;
				SWIFT_VERSION = 5.0;
				TARGETED_DEVICE_FAMILY = "1,2";
				TEST_TARGET_NAME = NUSBuddyApp;
			};
			name = Debug;
		};
		BD7D94C72A6BE4C2004AB903 /* Release */ = {
			isa = XCBuildConfiguration;
			buildSettings = {
				ALWAYS_EMBED_SWIFT_STANDARD_LIBRARIES = YES;
				CODE_SIGN_STYLE = Automatic;
				CURRENT_PROJECT_VERSION = 1;
				GENERATE_INFOPLIST_FILE = YES;
				IPHONEOS_DEPLOYMENT_TARGET = 16.4;
				MACOSX_DEPLOYMENT_TARGET = 13.2;
				MARKETING_VERSION = 1.0;
				PRODUCT_BUNDLE_IDENTIFIER = NUSBuddyApp.NUSBuddyAppUITests;
				PRODUCT_NAME = "$(TARGET_NAME)";
				SDKROOT = auto;
				SUPPORTED_PLATFORMS = "iphoneos iphonesimulator macosx";
				SWIFT_EMIT_LOC_STRINGS = NO;
				SWIFT_VERSION = 5.0;
				TARGETED_DEVICE_FAMILY = "1,2";
				TEST_TARGET_NAME = NUSBuddyApp;
			};
			name = Release;
		};
/* End XCBuildConfiguration section */

/* Begin XCConfigurationList section */
		BD7D94952A6BE4C0004AB903 /* Build configuration list for PBXProject "NUSBuddyApp" */ = {
			isa = XCConfigurationList;
			buildConfigurations = (
				BD7D94BD2A6BE4C2004AB903 /* Debug */,
				BD7D94BE2A6BE4C2004AB903 /* Release */,
			);
			defaultConfigurationIsVisible = 0;
			defaultConfigurationName = Release;
		};
		BD7D94BF2A6BE4C2004AB903 /* Build configuration list for PBXNativeTarget "NUSBuddyApp" */ = {
			isa = XCConfigurationList;
			buildConfigurations = (
				BD7D94C02A6BE4C2004AB903 /* Debug */,
				BD7D94C12A6BE4C2004AB903 /* Release */,
			);
			defaultConfigurationIsVisible = 0;
			defaultConfigurationName = Release;
		};
		BD7D94C22A6BE4C2004AB903 /* Build configuration list for PBXNativeTarget "NUSBuddyAppTests" */ = {
			isa = XCConfigurationList;
			buildConfigurations = (
				BD7D94C32A6BE4C2004AB903 /* Debug */,
				BD7D94C42A6BE4C2004AB903 /* Release */,
			);
			defaultConfigurationIsVisible = 0;
			defaultConfigurationName = Release;
		};
		BD7D94C52A6BE4C2004AB903 /* Build configuration list for PBXNativeTarget "NUSBuddyAppUITests" */ = {
			isa = XCConfigurationList;
			buildConfigurations = (
				BD7D94C62A6BE4C2004AB903 /* Debug */,
				BD7D94C72A6BE4C2004AB903 /* Release */,
			);
			defaultConfigurationIsVisible = 0;
			defaultConfigurationName = Release;
		};
/* End XCConfigurationList section */
	};
	rootObject = BD7D94922A6BE4C0004AB903 /* Project object */;
}
